// !$*UTF8*$!
{
	archiveVersion = 1;
	classes = {
	};
	objectVersion = 77;
	objects = {

/* Begin PBXContainerItemProxy section */
		D6C5CF1E2DBA0DD700C5CECB /* PBXContainerItemProxy */ = {
			isa = PBXContainerItemProxy;
			containerPortal = D6C5CF082DBA0DD600C5CECB /* Project object */;
			proxyType = 1;
			remoteGlobalIDString = D6C5CF0F2DBA0DD600C5CECB;
			remoteInfo = SmartWake;
		};
		D6C5CF282DBA0DD700C5CECB /* PBXContainerItemProxy */ = {
			isa = PBXContainerItemProxy;
			containerPortal = D6C5CF082DBA0DD600C5CECB /* Project object */;
			proxyType = 1;
			remoteGlobalIDString = D6C5CF0F2DBA0DD600C5CECB;
			remoteInfo = SmartWake;
		};
/* End PBXContainerItemProxy section */

/* Begin PBXFileReference section */
		D6C5CF102DBA0DD600C5CECB /* SmartWake.app */ = {isa = PBXFileReference; explicitFileType = wrapper.application; includeInIndex = 0; path = SmartWake.app; sourceTree = BUILT_PRODUCTS_DIR; };
		D6C5CF1D2DBA0DD700C5CECB /* SmartWakeTests.xctest */ = {isa = PBXFileReference; explicitFileType = wrapper.cfbundle; includeInIndex = 0; path = SmartWakeTests.xctest; sourceTree = BUILT_PRODUCTS_DIR; };
		D6C5CF272DBA0DD700C5CECB /* SmartWakeUITests.xctest */ = {isa = PBXFileReference; explicitFileType = wrapper.cfbundle; includeInIndex = 0; path = SmartWakeUITests.xctest; sourceTree = BUILT_PRODUCTS_DIR; };
/* End PBXFileReference section */

/* Begin PBXFileSystemSynchronizedRootGroup section */
		D6C5CF122DBA0DD600C5CECB /* SmartWake */ = {
			isa = PBXFileSystemSynchronizedRootGroup;
			path = SmartWake;
			sourceTree = "<group>";
		};
		D6C5CF202DBA0DD700C5CECB /* SmartWakeTests */ = {
			isa = PBXFileSystemSynchronizedRootGroup;
			path = SmartWakeTests;
			sourceTree = "<group>";
		};
		D6C5CF2A2DBA0DD700C5CECB /* SmartWakeUITests */ = {
			isa = PBXFileSystemSynchronizedRootGroup;
			path = SmartWakeUITests;
			sourceTree = "<group>";
		};
/* End PBXFileSystemSynchronizedRootGroup section */

/* Begin PBXFrameworksBuildPhase section */
		D6C5CF0D2DBA0DD600C5CECB /* Frameworks */ = {
			isa = PBXFrameworksBuildPhase;
			buildActionMask = 2147483647;
			files = (
			);
			runOnlyForDeploymentPostprocessing = 0;
		};
		D6C5CF1A2DBA0DD700C5CECB /* Frameworks */ = {
			isa = PBXFrameworksBuildPhase;
			buildActionMask = 2147483647;
			files = (
			);
			runOnlyForDeploymentPostprocessing = 0;
		};
		D6C5CF242DBA0DD700C5CECB /* Frameworks */ = {
			isa = PBXFrameworksBuildPhase;
			buildActionMask = 2147483647;
			files = (
			);
			runOnlyForDeploymentPostprocessing = 0;
		};
/* End PBXFrameworksBuildPhase section */

/* Begin PBXGroup section */
		D6C5CF072DBA0DD600C5CECB = {
			isa = PBXGroup;
			children = (
				D6C5CF122DBA0DD600C5CECB /* SmartWake */,
				D6C5CF202DBA0DD700C5CECB /* SmartWakeTests */,
				D6C5CF2A2DBA0DD700C5CECB /* SmartWakeUITests */,
				D6C5CF112DBA0DD600C5CECB /* Products */,
			);
			sourceTree = "<group>";
		};
		D6C5CF112DBA0DD600C5CECB /* Products */ = {
			isa = PBXGroup;
			children = (
				D6C5CF102DBA0DD600C5CECB /* SmartWake.app */,
				D6C5CF1D2DBA0DD700C5CECB /* SmartWakeTests.xctest */,
				D6C5CF272DBA0DD700C5CECB /* SmartWakeUITests.xctest */,
			);
			name = Products;
			sourceTree = "<group>";
		};
/* End PBXGroup section */

/* Begin PBXNativeTarget section */
		D6C5CF0F2DBA0DD600C5CECB /* SmartWake */ = {
			isa = PBXNativeTarget;
			buildConfigurationList = D6C5CF312DBA0DD700C5CECB /* Build configuration list for PBXNativeTarget "SmartWake" */;
			buildPhases = (
				D6C5CF0C2DBA0DD600C5CECB /* Sources */,
				D6C5CF0D2DBA0DD600C5CECB /* Frameworks */,
				D6C5CF0E2DBA0DD600C5CECB /* Resources */,
			);
			buildRules = (
			);
			dependencies = (
			);
			fileSystemSynchronizedGroups = (
				D6C5CF122DBA0DD600C5CECB /* SmartWake */,
			);
			name = SmartWake;
			packageProductDependencies = (
			);
			productName = SmartWake;
			productReference = D6C5CF102DBA0DD600C5CECB /* SmartWake.app */;
			productType = "com.apple.product-type.application";
		};
		D6C5CF1C2DBA0DD700C5CECB /* SmartWakeTests */ = {
			isa = PBXNativeTarget;
			buildConfigurationList = D6C5CF342DBA0DD700C5CECB /* Build configuration list for PBXNativeTarget "SmartWakeTests" */;
			buildPhases = (
				D6C5CF192DBA0DD700C5CECB /* Sources */,
				D6C5CF1A2DBA0DD700C5CECB /* Frameworks */,
				D6C5CF1B2DBA0DD700C5CECB /* Resources */,
			);
			buildRules = (
			);
			dependencies = (
				D6C5CF1F2DBA0DD700C5CECB /* PBXTargetDependency */,
			);
			fileSystemSynchronizedGroups = (
				D6C5CF202DBA0DD700C5CECB /* SmartWakeTests */,
			);
			name = SmartWakeTests;
			packageProductDependencies = (
			);
			productName = SmartWakeTests;
			productReference = D6C5CF1D2DBA0DD700C5CECB /* SmartWakeTests.xctest */;
			productType = "com.apple.product-type.bundle.unit-test";
		};
		D6C5CF262DBA0DD700C5CECB /* SmartWakeUITests */ = {
			isa = PBXNativeTarget;
			buildConfigurationList = D6C5CF372DBA0DD700C5CECB /* Build configuration list for PBXNativeTarget "SmartWakeUITests" */;
			buildPhases = (
				D6C5CF232DBA0DD700C5CECB /* Sources */,
				D6C5CF242DBA0DD700C5CECB /* Frameworks */,
				D6C5CF252DBA0DD700C5CECB /* Resources */,
			);
			buildRules = (
			);
			dependencies = (
				D6C5CF292DBA0DD700C5CECB /* PBXTargetDependency */,
			);
			fileSystemSynchronizedGroups = (
				D6C5CF2A2DBA0DD700C5CECB /* SmartWakeUITests */,
			);
			name = SmartWakeUITests;
			packageProductDependencies = (
			);
			productName = SmartWakeUITests;
			productReference = D6C5CF272DBA0DD700C5CECB /* SmartWakeUITests.xctest */;
			productType = "com.apple.product-type.bundle.ui-testing";
		};
/* End PBXNativeTarget section */

/* Begin PBXProject section */
		D6C5CF082DBA0DD600C5CECB /* Project object */ = {
			isa = PBXProject;
			attributes = {
				BuildIndependentTargetsInParallel = 1;
				LastSwiftUpdateCheck = 1630;
				LastUpgradeCheck = 1630;
				TargetAttributes = {
					D6C5CF0F2DBA0DD600C5CECB = {
						CreatedOnToolsVersion = 16.3;
					};
					D6C5CF1C2DBA0DD700C5CECB = {
						CreatedOnToolsVersion = 16.3;
						TestTargetID = D6C5CF0F2DBA0DD600C5CECB;
					};
					D6C5CF262DBA0DD700C5CECB = {
						CreatedOnToolsVersion = 16.3;
						TestTargetID = D6C5CF0F2DBA0DD600C5CECB;
					};
				};
			};
			buildConfigurationList = D6C5CF0B2DBA0DD600C5CECB /* Build configuration list for PBXProject "SmartWake" */;
			developmentRegion = en;
			hasScannedForEncodings = 0;
			knownRegions = (
				en,
				Base,
			);
			mainGroup = D6C5CF072DBA0DD600C5CECB;
			minimizedProjectReferenceProxies = 1;
			preferredProjectObjectVersion = 77;
			productRefGroup = D6C5CF112DBA0DD600C5CECB /* Products */;
			projectDirPath = "";
			projectRoot = "";
			targets = (
				D6C5CF0F2DBA0DD600C5CECB /* SmartWake */,
				D6C5CF1C2DBA0DD700C5CECB /* SmartWakeTests */,
				D6C5CF262DBA0DD700C5CECB /* SmartWakeUITests */,
			);
		};
/* End PBXProject section */

/* Begin PBXResourcesBuildPhase section */
		D6C5CF0E2DBA0DD600C5CECB /* Resources */ = {
			isa = PBXResourcesBuildPhase;
			buildActionMask = 2147483647;
			files = (
			);
			runOnlyForDeploymentPostprocessing = 0;
		};
		D6C5CF1B2DBA0DD700C5CECB /* Resources */ = {
			isa = PBXResourcesBuildPhase;
			buildActionMask = 2147483647;
			files = (
			);
			runOnlyForDeploymentPostprocessing = 0;
		};
		D6C5CF252DBA0DD700C5CECB /* Resources */ = {
			isa = PBXResourcesBuildPhase;
			buildActionMask = 2147483647;
			files = (
			);
			runOnlyForDeploymentPostprocessing = 0;
		};
/* End PBXResourcesBuildPhase section */

/* Begin PBXSourcesBuildPhase section */
		D6C5CF0C2DBA0DD600C5CECB /* Sources */ = {
			isa = PBXSourcesBuildPhase;
			buildActionMask = 2147483647;
			files = (
			);
			runOnlyForDeploymentPostprocessing = 0;
		};
		D6C5CF192DBA0DD700C5CECB /* Sources */ = {
			isa = PBXSourcesBuildPhase;
			buildActionMask = 2147483647;
			files = (
			);
			runOnlyForDeploymentPostprocessing = 0;
		};
		D6C5CF232DBA0DD700C5CECB /* Sources */ = {
			isa = PBXSourcesBuildPhase;
			buildActionMask = 2147483647;
			files = (
			);
			runOnlyForDeploymentPostprocessing = 0;
		};
/* End PBXSourcesBuildPhase section */

/* Begin PBXTargetDependency section */
		D6C5CF1F2DBA0DD700C5CECB /* PBXTargetDependency */ = {
			isa = PBXTargetDependency;
			target = D6C5CF0F2DBA0DD600C5CECB /* SmartWake */;
			targetProxy = D6C5CF1E2DBA0DD700C5CECB /* PBXContainerItemProxy */;
		};
		D6C5CF292DBA0DD700C5CECB /* PBXTargetDependency */ = {
			isa = PBXTargetDependency;
			target = D6C5CF0F2DBA0DD600C5CECB /* SmartWake */;
			targetProxy = D6C5CF282DBA0DD700C5CECB /* PBXContainerItemProxy */;
		};
/* End PBXTargetDependency section */

/* Begin XCBuildConfiguration section */
		D6C5CF2F2DBA0DD700C5CECB /* Debug */ = {
			isa = XCBuildConfiguration;
			buildSettings = {
				ALWAYS_SEARCH_USER_PATHS = NO;
				ASSETCATALOG_COMPILER_GENERATE_SWIFT_ASSET_SYMBOL_EXTENSIONS = YES;
				CLANG_ANALYZER_NONNULL = YES;
				CLANG_ANALYZER_NUMBER_OBJECT_CONVERSION = YES_AGGRESSIVE;
				CLANG_CXX_LANGUAGE_STANDARD = "gnu++20";
				CLANG_ENABLE_MODULES = YES;
				CLANG_ENABLE_OBJC_ARC = YES;
				CLANG_ENABLE_OBJC_WEAK = YES;
				CLANG_WARN_BLOCK_CAPTURE_AUTORELEASING = YES;
				CLANG_WARN_BOOL_CONVERSION = YES;
				CLANG_WARN_COMMA = YES;
				CLANG_WARN_CONSTANT_CONVERSION = YES;
				CLANG_WARN_DEPRECATED_OBJC_IMPLEMENTATIONS = YES;
				CLANG_WARN_DIRECT_OBJC_ISA_USAGE = YES_ERROR;
				CLANG_WARN_DOCUMENTATION_COMMENTS = YES;
				CLANG_WARN_EMPTY_BODY = YES;
				CLANG_WARN_ENUM_CONVERSION = YES;
				CLANG_WARN_INFINITE_RECURSION = YES;
				CLANG_WARN_INT_CONVERSION = YES;
				CLANG_WARN_NON_LITERAL_NULL_CONVERSION = YES;
				CLANG_WARN_OBJC_IMPLICIT_RETAIN_SELF = YES;
				CLANG_WARN_OBJC_LITERAL_CONVERSION = YES;
				CLANG_WARN_OBJC_ROOT_CLASS = YES_ERROR;
				CLANG_WARN_QUOTED_INCLUDE_IN_FRAMEWORK_HEADER = YES;
				CLANG_WARN_RANGE_LOOP_ANALYSIS = YES;
				CLANG_WARN_STRICT_PROTOTYPES = YES;
				CLANG_WARN_SUSPICIOUS_MOVE = YES;
				CLANG_WARN_UNGUARDED_AVAILABILITY = YES_AGGRESSIVE;
				CLANG_WARN_UNREACHABLE_CODE = YES;
				CLANG_WARN__DUPLICATE_METHOD_MATCH = YES;
				COPY_PHASE_STRIP = NO;
				DEBUG_INFORMATION_FORMAT = dwarf;
				ENABLE_STRICT_OBJC_MSGSEND = YES;
				ENABLE_TESTABILITY = YES;
				ENABLE_USER_SCRIPT_SANDBOXING = YES;
				GCC_C_LANGUAGE_STANDARD = gnu17;
				GCC_DYNAMIC_NO_PIC = NO;
				GCC_NO_COMMON_BLOCKS = YES;
				GCC_OPTIMIZATION_LEVEL = 0;
				GCC_PREPROCESSOR_DEFINITIONS = (
					"DEBUG=1",
					"$(inherited)",
				);
				GCC_WARN_64_TO_32_BIT_CONVERSION = YES;
				GCC_WARN_ABOUT_RETURN_TYPE = YES_ERROR;
				GCC_WARN_UNDECLARED_SELECTOR = YES;
				GCC_WARN_UNINITIALIZED_AUTOS = YES_AGGRESSIVE;
				GCC_WARN_UNUSED_FUNCTION = YES;
				GCC_WARN_UNUSED_VARIABLE = YES;
				IPHONEOS_DEPLOYMENT_TARGET = 18.4;
				LOCALIZATION_PREFERS_STRING_CATALOGS = YES;
				MTL_ENABLE_DEBUG_INFO = INCLUDE_SOURCE;
				MTL_FAST_MATH = YES;
				ONLY_ACTIVE_ARCH = YES;
				SDKROOT = iphoneos;
				SWIFT_ACTIVE_COMPILATION_CONDITIONS = "DEBUG $(inherited)";
				SWIFT_OPTIMIZATION_LEVEL = "-Onone";
			};
			name = Debug;
		};
		D6C5CF302DBA0DD700C5CECB /* Release */ = {
			isa = XCBuildConfiguration;
			buildSettings = {
				ALWAYS_SEARCH_USER_PATHS = NO;
				ASSETCATALOG_COMPILER_GENERATE_SWIFT_ASSET_SYMBOL_EXTENSIONS = YES;
				CLANG_ANALYZER_NONNULL = YES;
				CLANG_ANALYZER_NUMBER_OBJECT_CONVERSION = YES_AGGRESSIVE;
				CLANG_CXX_LANGUAGE_STANDARD = "gnu++20";
				CLANG_ENABLE_MODULES = YES;
				CLANG_ENABLE_OBJC_ARC = YES;
				CLANG_ENABLE_OBJC_WEAK = YES;
				CLANG_WARN_BLOCK_CAPTURE_AUTORELEASING = YES;
				CLANG_WARN_BOOL_CONVERSION = YES;
				CLANG_WARN_COMMA = YES;
				CLANG_WARN_CONSTANT_CONVERSION = YES;
				CLANG_WARN_DEPRECATED_OBJC_IMPLEMENTATIONS = YES;
				CLANG_WARN_DIRECT_OBJC_ISA_USAGE = YES_ERROR;
				CLANG_WARN_DOCUMENTATION_COMMENTS = YES;
				CLANG_WARN_EMPTY_BODY = YES;
				CLANG_WARN_ENUM_CONVERSION = YES;
				CLANG_WARN_INFINITE_RECURSION = YES;
				CLANG_WARN_INT_CONVERSION = YES;
				CLANG_WARN_NON_LITERAL_NULL_CONVERSION = YES;
				CLANG_WARN_OBJC_IMPLICIT_RETAIN_SELF = YES;
				CLANG_WARN_OBJC_LITERAL_CONVERSION = YES;
				CLANG_WARN_OBJC_ROOT_CLASS = YES_ERROR;
				CLANG_WARN_QUOTED_INCLUDE_IN_FRAMEWORK_HEADER = YES;
				CLANG_WARN_RANGE_LOOP_ANALYSIS = YES;
				CLANG_WARN_STRICT_PROTOTYPES = YES;
				CLANG_WARN_SUSPICIOUS_MOVE = YES;
				CLANG_WARN_UNGUARDED_AVAILABILITY = YES_AGGRESSIVE;
				CLANG_WARN_UNREACHABLE_CODE = YES;
				CLANG_WARN__DUPLICATE_METHOD_MATCH = YES;
				COPY_PHASE_STRIP = NO;
				DEBUG_INFORMATION_FORMAT = "dwarf-with-dsym";
				ENABLE_NS_ASSERTIONS = NO;
				ENABLE_STRICT_OBJC_MSGSEND = YES;
				ENABLE_USER_SCRIPT_SANDBOXING = YES;
				GCC_C_LANGUAGE_STANDARD = gnu17;
				GCC_NO_COMMON_BLOCKS = YES;
				GCC_WARN_64_TO_32_BIT_CONVERSION = YES;
				GCC_WARN_ABOUT_RETURN_TYPE = YES_ERROR;
				GCC_WARN_UNDECLARED_SELECTOR = YES;
				GCC_WARN_UNINITIALIZED_AUTOS = YES_AGGRESSIVE;
				GCC_WARN_UNUSED_FUNCTION = YES;
				GCC_WARN_UNUSED_VARIABLE = YES;
				IPHONEOS_DEPLOYMENT_TARGET = 18.4;
				LOCALIZATION_PREFERS_STRING_CATALOGS = YES;
				MTL_ENABLE_DEBUG_INFO = NO;
				MTL_FAST_MATH = YES;
				SDKROOT = iphoneos;
				SWIFT_COMPILATION_MODE = wholemodule;
				VALIDATE_PRODUCT = YES;
			};
			name = Release;
		};
		D6C5CF322DBA0DD700C5CECB /* Debug */ = {
			isa = XCBuildConfiguration;
			buildSettings = {
				ASSETCATALOG_COMPILER_APPICON_NAME = AppIcon;
				ASSETCATALOG_COMPILER_GLOBAL_ACCENT_COLOR_NAME = AccentColor;
				CODE_SIGN_STYLE = Automatic;
				CURRENT_PROJECT_VERSION = 1;
				ENABLE_PREVIEWS = YES;
				GENERATE_INFOPLIST_FILE = YES;
				INFOPLIST_KEY_UIApplicationSceneManifest_Generation = YES;
				INFOPLIST_KEY_UIApplicationSupportsIndirectInputEvents = YES;
				INFOPLIST_KEY_UILaunchScreen_Generation = YES;
				INFOPLIST_KEY_UISupportedInterfaceOrientations_iPad = "UIInterfaceOrientationPortrait UIInterfaceOrientationPortraitUpsideDown UIInterfaceOrientationLandscapeLeft UIInterfaceOrientationLandscapeRight";
				INFOPLIST_KEY_UISupportedInterfaceOrientations_iPhone = "UIInterfaceOrientationPortrait UIInterfaceOrientationLandscapeLeft UIInterfaceOrientationLandscapeRight";
				LD_RUNPATH_SEARCH_PATHS = (
					"$(inherited)",
					"@executable_path/Frameworks",
				);
				MARKETING_VERSION = 1.0;
				PRODUCT_BUNDLE_IDENTIFIER = com.example.SmartWake;
				PRODUCT_NAME = "$(TARGET_NAME)";
				SWIFT_EMIT_LOC_STRINGS = YES;
				SWIFT_VERSION = 5.0;
				TARGETED_DEVICE_FAMILY = "1,2";
			};
			name = Debug;
		};
		D6C5CF332DBA0DD700C5CECB /* Release */ = {
			isa = XCBuildConfiguration;
			buildSettings = {
				ASSETCATALOG_COMPILER_APPICON_NAME = AppIcon;
				ASSETCATALOG_COMPILER_GLOBAL_ACCENT_COLOR_NAME = AccentColor;
				CODE_SIGN_STYLE = Automatic;
				CURRENT_PROJECT_VERSION = 1;
				ENABLE_PREVIEWS = YES;
				GENERATE_INFOPLIST_FILE = YES;
				INFOPLIST_KEY_UIApplicationSceneManifest_Generation = YES;
				INFOPLIST_KEY_UIApplicationSupportsIndirectInputEvents = YES;
				INFOPLIST_KEY_UILaunchScreen_Generation = YES;
				INFOPLIST_KEY_UISupportedInterfaceOrientations_iPad = "UIInterfaceOrientationPortrait UIInterfaceOrientationPortraitUpsideDown UIInterfaceOrientationLandscapeLeft UIInterfaceOrientationLandscapeRight";
				INFOPLIST_KEY_UISupportedInterfaceOrientations_iPhone = "UIInterfaceOrientationPortrait UIInterfaceOrientationLandscapeLeft UIInterfaceOrientationLandscapeRight";
				LD_RUNPATH_SEARCH_PATHS = (
					"$(inherited)",
					"@executable_path/Frameworks",
				);
				MARKETING_VERSION = 1.0;
				PRODUCT_BUNDLE_IDENTIFIER = com.example.SmartWake;
				PRODUCT_NAME = "$(TARGET_NAME)";
				SWIFT_EMIT_LOC_STRINGS = YES;
				SWIFT_VERSION = 5.0;
				TARGETED_DEVICE_FAMILY = "1,2";
			};
			name = Release;
		};
		D6C5CF352DBA0DD700C5CECB /* Debug */ = {
			isa = XCBuildConfiguration;
			buildSettings = {
				BUNDLE_LOADER = "$(TEST_HOST)";
				CODE_SIGN_STYLE = Automatic;
				CURRENT_PROJECT_VERSION = 1;
				GENERATE_INFOPLIST_FILE = YES;
				IPHONEOS_DEPLOYMENT_TARGET = 18.4;
				MARKETING_VERSION = 1.0;
				PRODUCT_BUNDLE_IDENTIFIER = com.example.SmartWakeTests;
				PRODUCT_NAME = "$(TARGET_NAME)";
				SWIFT_EMIT_LOC_STRINGS = NO;
				SWIFT_VERSION = 5.0;
				TARGETED_DEVICE_FAMILY = "1,2";
				TEST_HOST = "$(BUILT_PRODUCTS_DIR)/SmartWake.app/$(BUNDLE_EXECUTABLE_FOLDER_PATH)/SmartWake";
			};
			name = Debug;
		};
		D6C5CF362DBA0DD700C5CECB /* Release */ = {
			isa = XCBuildConfiguration;
			buildSettings = {
				BUNDLE_LOADER = "$(TEST_HOST)";
				CODE_SIGN_STYLE = Automatic;
				CURRENT_PROJECT_VERSION = 1;
				GENERATE_INFOPLIST_FILE = YES;
				IPHONEOS_DEPLOYMENT_TARGET = 18.4;
				MARKETING_VERSION = 1.0;
				PRODUCT_BUNDLE_IDENTIFIER = com.example.SmartWakeTests;
				PRODUCT_NAME = "$(TARGET_NAME)";
				SWIFT_EMIT_LOC_STRINGS = NO;
				SWIFT_VERSION = 5.0;
				TARGETED_DEVICE_FAMILY = "1,2";
				TEST_HOST = "$(BUILT_PRODUCTS_DIR)/SmartWake.app/$(BUNDLE_EXECUTABLE_FOLDER_PATH)/SmartWake";
			};
			name = Release;
		};
		D6C5CF382DBA0DD700C5CECB /* Debug */ = {
			isa = XCBuildConfiguration;
			buildSettings = {
				CODE_SIGN_STYLE = Automatic;
				CURRENT_PROJECT_VERSION = 1;
				GENERATE_INFOPLIST_FILE = YES;
				MARKETING_VERSION = 1.0;
				PRODUCT_BUNDLE_IDENTIFIER = com.example.SmartWakeUITests;
				PRODUCT_NAME = "$(TARGET_NAME)";
				SWIFT_EMIT_LOC_STRINGS = NO;
				SWIFT_VERSION = 5.0;
				TARGETED_DEVICE_FAMILY = "1,2";
				TEST_TARGET_NAME = SmartWake;
			};
			name = Debug;
		};
		D6C5CF392DBA0DD700C5CECB /* Release */ = {
			isa = XCBuildConfiguration;
			buildSettings = {
				CODE_SIGN_STYLE = Automatic;
				CURRENT_PROJECT_VERSION = 1;
				GENERATE_INFOPLIST_FILE = YES;
				MARKETING_VERSION = 1.0;
				PRODUCT_BUNDLE_IDENTIFIER = com.example.SmartWakeUITests;
				PRODUCT_NAME = "$(TARGET_NAME)";
				SWIFT_EMIT_LOC_STRINGS = NO;
				SWIFT_VERSION = 5.0;
				TARGETED_DEVICE_FAMILY = "1,2";
				TEST_TARGET_NAME = SmartWake;
			};
			name = Release;
		};
/* End XCBuildConfiguration section */

/* Begin XCConfigurationList section */
		D6C5CF0B2DBA0DD600C5CECB /* Build configuration list for PBXProject "SmartWake" */ = {
			isa = XCConfigurationList;
			buildConfigurations = (
				D6C5CF2F2DBA0DD700C5CECB /* Debug */,
				D6C5CF302DBA0DD700C5CECB /* Release */,
			);
			defaultConfigurationIsVisible = 0;
			defaultConfigurationName = Release;
		};
		D6C5CF312DBA0DD700C5CECB /* Build configuration list for PBXNativeTarget "SmartWake" */ = {
			isa = XCConfigurationList;
			buildConfigurations = (
				D6C5CF322DBA0DD700C5CECB /* Debug */,
				D6C5CF332DBA0DD700C5CECB /* Release */,
			);
			defaultConfigurationIsVisible = 0;
			defaultConfigurationName = Release;
		};
		D6C5CF342DBA0DD700C5CECB /* Build configuration list for PBXNativeTarget "SmartWakeTests" */ = {
			isa = XCConfigurationList;
			buildConfigurations = (
				D6C5CF352DBA0DD700C5CECB /* Debug */,
				D6C5CF362DBA0DD700C5CECB /* Release */,
			);
			defaultConfigurationIsVisible = 0;
			defaultConfigurationName = Release;
		};
		D6C5CF372DBA0DD700C5CECB /* Build configuration list for PBXNativeTarget "SmartWakeUITests" */ = {
			isa = XCConfigurationList;
			buildConfigurations = (
				D6C5CF382DBA0DD700C5CECB /* Debug */,
				D6C5CF392DBA0DD700C5CECB /* Release */,
			);
			defaultConfigurationIsVisible = 0;
			defaultConfigurationName = Release;
		};
/* End XCConfigurationList section */
	};
	rootObject = D6C5CF082DBA0DD600C5CECB /* Project object */;
}
